
Microsoft Visual Studio Solution File, Format Version 12.00
# Visual Studio Version 17
VisualStudioVersion = 17.0.31903.59
MinimumVisualStudioVersion = 10.0.40219.1
Project("{2150E333-8FDC-42A3-9474-1A3956D46DE8}") = "src", "src", "{827E0CD3-B72D-47B6-A68D-7590B98EB39B}"
EndProject
Project("{FAE04EC0-301F-11D3-BF4B-00C04F79EFBC}") = "Email.Domain", "src\Email.Domain\Email.Domain.csproj", "{652E6721-2470-4E4F-9B36-AADB7199E970}"
EndProject
Project("{FAE04EC0-301F-11D3-BF4B-00C04F79EFBC}") = "Email.Application", "src\Email.Application\Email.Application.csproj", "{21051DB6-D108-4B71-AB72-6628E6B194A2}"
EndProject
Project("{FAE04EC0-301F-11D3-BF4B-00C04F79EFBC}") = "Email.Infrastructure", "src\Email.Infrastructure\Email.Infrastructure.csproj", "{2AA6D56F-71C0-4345-8CC0-43A4A4D96E1E}"
EndProject
Project("{FAE04EC0-301F-11D3-BF4B-00C04F79EFBC}") = "Email.Api", "src\Email.Api\Email.Api.csproj", "{7366E749-A44F-41B8-9240-47A735C35C31}"
EndProject
Project("{FAE04EC0-301F-11D3-BF4B-00C04F79EFBC}") = "Email.ApiGateway", "src\Email.ApiGateway\Email.ApiGateway.csproj", "{20DEC77A-D30B-49ED-A6AD-17B9C2BBCB2D}"
EndProject
Project("{FAE04EC0-301F-11D3-BF4B-00C04F79EFBC}") = "Email.Worker", "src\Email.Worker\Email.Worker.csproj", "{A38E22EA-08A4-41CE-B6AA-05ADCF59DFBB}"
EndProject
Project("{2150E333-8FDC-42A3-9474-1A3956D46DE8}") = "tests", "tests", "{0AB3BF05-4346-4AA6-1389-037BE0695223}"
EndProject
Project("{FAE04EC0-301F-11D3-BF4B-00C04F79EFBC}") = "Email.Domain.Tests", "tests\Email.Domain.Tests\Email.Domain.Tests.csproj", "{9D6F8AD8-1AB2-4462-8F7A-387955814422}"
EndProject
Global
	GlobalSection(SolutionConfigurationPlatforms) = preSolution
		Debug|Any CPU = Debug|Any CPU
		Debug|x64 = Debug|x64
		Debug|x86 = Debug|x86
		Release|Any CPU = Release|Any CPU
		Release|x64 = Release|x64
		Release|x86 = Release|x86
	EndGlobalSection
	GlobalSection(ProjectConfigurationPlatforms) = postSolution
		{652E6721-2470-4E4F-9B36-AADB7199E970}.Debug|Any CPU.ActiveCfg = Debug|Any CPU
		{652E6721-2470-4E4F-9B36-AADB7199E970}.Debug|Any CPU.Build.0 = Debug|Any CPU
		{652E6721-2470-4E4F-9B36-AADB7199E970}.Debug|x64.ActiveCfg = Debug|Any CPU
		{652E6721-2470-4E4F-9B36-AADB7199E970}.Debug|x64.Build.0 = Debug|Any CPU
		{652E6721-2470-4E4F-9B36-AADB7199E970}.Debug|x86.ActiveCfg = Debug|Any CPU
		{652E6721-2470-4E4F-9B36-AADB7199E970}.Debug|x86.Build.0 = Debug|Any CPU
		{652E6721-2470-4E4F-9B36-AADB7199E970}.Release|Any CPU.ActiveCfg = Release|Any CPU
		{652E6721-2470-4E4F-9B36-AADB7199E970}.Release|Any CPU.Build.0 = Release|Any CPU
		{652E6721-2470-4E4F-9B36-AADB7199E970}.Release|x64.ActiveCfg = Release|Any CPU
		{652E6721-2470-4E4F-9B36-AADB7199E970}.Release|x64.Build.0 = Release|Any CPU
		{652E6721-2470-4E4F-9B36-AADB7199E970}.Release|x86.ActiveCfg = Release|Any CPU
		{652E6721-2470-4E4F-9B36-AADB7199E970}.Release|x86.Build.0 = Release|Any CPU
		{21051DB6-D108-4B71-AB72-6628E6B194A2}.Debug|Any CPU.ActiveCfg = Debug|Any CPU
		{21051DB6-D108-4B71-AB72-6628E6B194A2}.Debug|Any CPU.Build.0 = Debug|Any CPU
		{21051DB6-D108-4B71-AB72-6628E6B194A2}.Debug|x64.ActiveCfg = Debug|Any CPU
		{21051DB6-D108-4B71-AB72-6628E6B194A2}.Debug|x64.Build.0 = Debug|Any CPU
		{21051DB6-D108-4B71-AB72-6628E6B194A2}.Debug|x86.ActiveCfg = Debug|Any CPU
		{21051DB6-D108-4B71-AB72-6628E6B194A2}.Debug|x86.Build.0 = Debug|Any CPU
		{21051DB6-D108-4B71-AB72-6628E6B194A2}.Release|Any CPU.ActiveCfg = Release|Any CPU
		{21051DB6-D108-4B71-AB72-6628E6B194A2}.Release|Any CPU.Build.0 = Release|Any CPU
		{21051DB6-D108-4B71-AB72-6628E6B194A2}.Release|x64.ActiveCfg = Release|Any CPU
		{21051DB6-D108-4B71-AB72-6628E6B194A2}.Release|x64.Build.0 = Release|Any CPU
		{21051DB6-D108-4B71-AB72-6628E6B194A2}.Release|x86.ActiveCfg = Release|Any CPU
		{21051DB6-D108-4B71-AB72-6628E6B194A2}.Release|x86.Build.0 = Release|Any CPU
		{2AA6D56F-71C0-4345-8CC0-43A4A4D96E1E}.Debug|Any CPU.ActiveCfg = Debug|Any CPU
		{2AA6D56F-71C0-4345-8CC0-43A4A4D96E1E}.Debug|Any CPU.Build.0 = Debug|Any CPU
		{2AA6D56F-71C0-4345-8CC0-43A4A4D96E1E}.Debug|x64.ActiveCfg = Debug|Any CPU
		{2AA6D56F-71C0-4345-8CC0-43A4A4D96E1E}.Debug|x64.Build.0 = Debug|Any CPU
		{2AA6D56F-71C0-4345-8CC0-43A4A4D96E1E}.Debug|x86.ActiveCfg = Debug|Any CPU
		{2AA6D56F-71C0-4345-8CC0-43A4A4D96E1E}.Debug|x86.Build.0 = Debug|Any CPU
		{2AA6D56F-71C0-4345-8CC0-43A4A4D96E1E}.Release|Any CPU.ActiveCfg = Release|Any CPU
		{2AA6D56F-71C0-4345-8CC0-43A4A4D96E1E}.Release|Any CPU.Build.0 = Release|Any CPU
		{2AA6D56F-71C0-4345-8CC0-43A4A4D96E1E}.Release|x64.ActiveCfg = Release|Any CPU
		{2AA6D56F-71C0-4345-8CC0-43A4A4D96E1E}.Release|x64.Build.0 = Release|Any CPU
		{2AA6D56F-71C0-4345-8CC0-43A4A4D96E1E}.Release|x86.ActiveCfg = Release|Any CPU
		{2AA6D56F-71C0-4345-8CC0-43A4A4D96E1E}.Release|x86.Build.0 = Release|Any CPU
		{7366E749-A44F-41B8-9240-47A735C35C31}.Debug|Any CPU.ActiveCfg = Debug|Any CPU
		{7366E749-A44F-41B8-9240-47A735C35C31}.Debug|Any CPU.Build.0 = Debug|Any CPU
		{7366E749-A44F-41B8-9240-47A735C35C31}.Debug|x64.ActiveCfg = Debug|Any CPU
		{7366E749-A44F-41B8-9240-47A735C35C31}.Debug|x64.Build.0 = Debug|Any CPU
		{7366E749-A44F-41B8-9240-47A735C35C31}.Debug|x86.ActiveCfg = Debug|Any CPU
		{7366E749-A44F-41B8-9240-47A735C35C31}.Debug|x86.Build.0 = Debug|Any CPU
		{7366E749-A44F-41B8-9240-47A735C35C31}.Release|Any CPU.ActiveCfg = Release|Any CPU
		{7366E749-A44F-41B8-9240-47A735C35C31}.Release|Any CPU.Build.0 = Release|Any CPU
		{7366E749-A44F-41B8-9240-47A735C35C31}.Release|x64.ActiveCfg = Release|Any CPU
		{7366E749-A44F-41B8-9240-47A735C35C31}.Release|x64.Build.0 = Release|Any CPU
		{7366E749-A44F-41B8-9240-47A735C35C31}.Release|x86.ActiveCfg = Release|Any CPU
		{7366E749-A44F-41B8-9240-47A735C35C31}.Release|x86.Build.0 = Release|Any CPU
		{20DEC77A-D30B-49ED-A6AD-17B9C2BBCB2D}.Debug|Any CPU.ActiveCfg = Debug|Any CPU
		{20DEC77A-D30B-49ED-A6AD-17B9C2BBCB2D}.Debug|Any CPU.Build.0 = Debug|Any CPU
		{20DEC77A-D30B-49ED-A6AD-17B9C2BBCB2D}.Debug|x64.ActiveCfg = Debug|Any CPU
		{20DEC77A-D30B-49ED-A6AD-17B9C2BBCB2D}.Debug|x64.Build.0 = Debug|Any CPU
		{20DEC77A-D30B-49ED-A6AD-17B9C2BBCB2D}.Debug|x86.ActiveCfg = Debug|Any CPU
		{20DEC77A-D30B-49ED-A6AD-17B9C2BBCB2D}.Debug|x86.Build.0 = Debug|Any CPU
		{20DEC77A-D30B-49ED-A6AD-17B9C2BBCB2D}.Release|Any CPU.ActiveCfg = Release|Any CPU
		{20DEC77A-D30B-49ED-A6AD-17B9C2BBCB2D}.Release|Any CPU.Build.0 = Release|Any CPU
		{20DEC77A-D30B-49ED-A6AD-17B9C2BBCB2D}.Release|x64.ActiveCfg = Release|Any CPU
		{20DEC77A-D30B-49ED-A6AD-17B9C2BBCB2D}.Release|x64.Build.0 = Release|Any CPU
		{20DEC77A-D30B-49ED-A6AD-17B9C2BBCB2D}.Release|x86.ActiveCfg = Release|Any CPU
		{20DEC77A-D30B-49ED-A6AD-17B9C2BBCB2D}.Release|x86.Build.0 = Release|Any CPU
		{A38E22EA-08A4-41CE-B6AA-05ADCF59DFBB}.Debug|Any CPU.ActiveCfg = Debug|Any CPU
		{A38E22EA-08A4-41CE-B6AA-05ADCF59DFBB}.Debug|Any CPU.Build.0 = Debug|Any CPU
		{A38E22EA-08A4-41CE-B6AA-05ADCF59DFBB}.Debug|x64.ActiveCfg = Debug|Any CPU
		{A38E22EA-08A4-41CE-B6AA-05ADCF59DFBB}.Debug|x64.Build.0 = Debug|Any CPU
		{A38E22EA-08A4-41CE-B6AA-05ADCF59DFBB}.Debug|x86.ActiveCfg = Debug|Any CPU
		{A38E22EA-08A4-41CE-B6AA-05ADCF59DFBB}.Debug|x86.Build.0 = Debug|Any CPU
		{A38E22EA-08A4-41CE-B6AA-05ADCF59DFBB}.Release|Any CPU.ActiveCfg = Release|Any CPU
		{A38E22EA-08A4-41CE-B6AA-05ADCF59DFBB}.Release|Any CPU.Build.0 = Release|Any CPU
		{A38E22EA-08A4-41CE-B6AA-05ADCF59DFBB}.Release|x64.ActiveCfg = Release|Any CPU
		{A38E22EA-08A4-41CE-B6AA-05ADCF59DFBB}.Release|x64.Build.0 = Release|Any CPU
		{A38E22EA-08A4-41CE-B6AA-05ADCF59DFBB}.Release|x86.ActiveCfg = Release|Any CPU
		{A38E22EA-08A4-41CE-B6AA-05ADCF59DFBB}.Release|x86.Build.0 = Release|Any CPU
		{9D6F8AD8-1AB2-4462-8F7A-387955814422}.Debug|Any CPU.ActiveCfg = Debug|Any CPU
		{9D6F8AD8-1AB2-4462-8F7A-387955814422}.Debug|Any CPU.Build.0 = Debug|Any CPU
		{9D6F8AD8-1AB2-4462-8F7A-387955814422}.Debug|x64.ActiveCfg = Debug|Any CPU
		{9D6F8AD8-1AB2-4462-8F7A-387955814422}.Debug|x64.Build.0 = Debug|Any CPU
		{9D6F8AD8-1AB2-4462-8F7A-387955814422}.Debug|x86.ActiveCfg = Debug|Any CPU
		{9D6F8AD8-1AB2-4462-8F7A-387955814422}.Debug|x86.Build.0 = Debug|Any CPU
		{9D6F8AD8-1AB2-4462-8F7A-387955814422}.Release|Any CPU.ActiveCfg = Release|Any CPU
		{9D6F8AD8-1AB2-4462-8F7A-387955814422}.Release|Any CPU.Build.0 = Release|Any CPU
		{9D6F8AD8-1AB2-4462-8F7A-387955814422}.Release|x64.ActiveCfg = Release|Any CPU
		{9D6F8AD8-1AB2-4462-8F7A-387955814422}.Release|x64.Build.0 = Release|Any CPU
		{9D6F8AD8-1AB2-4462-8F7A-387955814422}.Release|x86.ActiveCfg = Release|Any CPU
		{9D6F8AD8-1AB2-4462-8F7A-387955814422}.Release|x86.Build.0 = Release|Any CPU
	EndGlobalSection
	GlobalSection(SolutionProperties) = preSolution
		HideSolutionNode = FALSE
	EndGlobalSection
	GlobalSection(NestedProjects) = preSolution
		{652E6721-2470-4E4F-9B36-AADB7199E970} = {827E0CD3-B72D-47B6-A68D-7590B98EB39B}
		{21051DB6-D108-4B71-AB72-6628E6B194A2} = {827E0CD3-B72D-47B6-A68D-7590B98EB39B}
		{2AA6D56F-71C0-4345-8CC0-43A4A4D96E1E} = {827E0CD3-B72D-47B6-A68D-7590B98EB39B}
		{7366E749-A44F-41B8-9240-47A735C35C31} = {827E0CD3-B72D-47B6-A68D-7590B98EB39B}
		{20DEC77A-D30B-49ED-A6AD-17B9C2BBCB2D} = {827E0CD3-B72D-47B6-A68D-7590B98EB39B}
		{A38E22EA-08A4-41CE-B6AA-05ADCF59DFBB} = {827E0CD3-B72D-47B6-A68D-7590B98EB39B}
		{9D6F8AD8-1AB2-4462-8F7A-387955814422} = {0AB3BF05-4346-4AA6-1389-037BE0695223}
	EndGlobalSection
EndGlobal
